{
    "version": 3,
    "terraform_version": "0.11.10",
    "serial": 29,
    "lineage": "93756842-b3fc-b9f2-e316-62bf85d69475",
    "modules": [
        {
            "path": [
                "root"
            ],
            "outputs": {
                "ecs_ids": {
                    "sensitive": false,
                    "type": "string",
                    "value": "i-rj93gye2rcpkwqexi784"
                },
                "ecs_public_ip_list": {
                    "sensitive": false,
                    "type": "string",
                    "value": "47.254.42.229"
                },
                "hostname_list": {
                    "sensitive": false,
                    "type": "string",
                    "value": "tf-created-personal-01"
                },
                "key_pair": {
                    "sensitive": false,
                    "type": "string",
                    "value": "\"terry-mac-key\""
                },
                "tags": {
                    "sensitive": false,
                    "type": "string",
                    "value": "[{\"role\":\"personal\"}]"
                }
            },
            "resources": {
                "alicloud_instance.instance": {
                    "type": "alicloud_instance",
                    "depends_on": [
                        "alicloud_key_pair.key_pair",
                        "alicloud_security_group.group.*",
                        "alicloud_vswitch.main",
                        "data.alicloud_instance_types.instance_type"
                    ],
                    "primary": {
                        "id": "i-rj93gye2rcpkwqexi784",
                        "attributes": {
                            "availability_zone": "us-west-1a",
                            "description": "",
                            "host_name": "tf-created-personal-01",
                            "id": "i-rj93gye2rcpkwqexi784",
                            "image_id": "m-rj94664y88udpso7gnhk",
                            "instance_charge_type": "PostPaid",
                            "instance_name": "tf-created-personal-01",
                            "instance_type": "ecs.xn4.small",
                            "internet_charge_type": "PayByTraffic",
                            "internet_max_bandwidth_in": "0",
                            "internet_max_bandwidth_out": "10",
                            "key_name": "terry-mac-key",
                            "password": "Test12345",
                            "private_ip": "10.1.1.44",
                            "public_ip": "47.254.42.229",
                            "security_groups.#": "1",
                            "security_groups.1830402990": "sg-rj9278r1bks0qzbmrvhw",
                            "spot_price_limit": "0",
                            "spot_strategy": "NoSpot",
                            "status": "Running",
                            "subnet_id": "vsw-rj93qkg7b3bjm4n0dio55",
                            "system_disk_category": "cloud_efficiency",
                            "system_disk_size": "40",
                            "tags.%": "1",
                            "tags.role": "personal",
                            "vswitch_id": "vsw-rj93qkg7b3bjm4n0dio55"
                        },
                        "meta": {},
                        "tainted": false
                    },
                    "deposed": [],
                    "provider": "provider.alicloud"
                },
                "alicloud_key_pair.key_pair": {
                    "type": "alicloud_key_pair",
                    "depends_on": [],
                    "primary": {
                        "id": "terry-mac-key",
                        "attributes": {
                            "id": "terry-mac-key",
                            "key_name": "terry-mac-key",
                            "public_key": "ssh-rsa AAAAB3NzaC1yc2EAAAADAQABAAABAQDH+S7M/5/kModGCFCEPjDTWZvWzFueCFEV1BghRoD06ejVMZH0Wqi8pPNRl79aEEIbRCsgYzn5xqwq8SNaLdhsgu5ZlId1Fv3hEoYZHPpB1l8ACjdW07EQxh29+zopa+YuIPnlVEB8Qrme3CDQf+M/GHCDCBh+/4+YOMPp+d1viy5HE2rUirawoYVA0GD3rtqwn4De4/PQgTo15JIVrpaaX8ZJH6ftVT2wv8Qr3pUP05eqFUA7CkA66tOQA2WacNl5edM8N0pqJAsN3kN+JySJ3e8EGLr3VIK57w1BzwnjZDcBC2MQ6bb+oCAQC3zCM9C0+iY/26dXUZLiwky9XFjt terry@Mac"
                        },
                        "meta": {},
                        "tainted": false
                    },
                    "deposed": [],
                    "provider": "provider.alicloud"
                },
                "alicloud_security_group.group": {
                    "type": "alicloud_security_group",
                    "depends_on": [
                        "alicloud_vpc.main"
                    ],
                    "primary": {
                        "id": "sg-rj9278r1bks0qzbmrvhw",
                        "attributes": {
                            "description": "New security group",
                            "id": "sg-rj9278r1bks0qzbmrvhw",
                            "inner_access": "true",
                            "name": "group-tf-created",
                            "vpc_id": "vpc-rj9aylb0el6537h8jvkfs"
                        },
                        "meta": {},
                        "tainted": false
                    },
                    "deposed": [],
                    "provider": "provider.alicloud"
                },
                "alicloud_security_group_rule.allow_http_80": {
                    "type": "alicloud_security_group_rule",
                    "depends_on": [
                        "alicloud_security_group.group"
                    ],
                    "primary": {
                        "id": "sg-rj9278r1bks0qzbmrvhw:ingress:tcp:80/80:intranet:0.0.0.0/0:accept:1",
                        "attributes": {
                            "cidr_ip": "0.0.0.0/0",
                            "id": "sg-rj9278r1bks0qzbmrvhw:ingress:tcp:80/80:intranet:0.0.0.0/0:accept:1",
                            "ip_protocol": "tcp",
                            "nic_type": "intranet",
                            "policy": "accept",
                            "port_range": "80/80",
                            "priority": "1",
                            "security_group_id": "sg-rj9278r1bks0qzbmrvhw",
                            "source_group_owner_account": "",
                            "source_security_group_id": "",
                            "type": "ingress"
                        },
                        "meta": {},
                        "tainted": false
                    },
                    "deposed": [],
                    "provider": "provider.alicloud"
                },
                "alicloud_security_group_rule.allow_https_22": {
                    "type": "alicloud_security_group_rule",
                    "depends_on": [
                        "alicloud_security_group.group"
                    ],
                    "primary": {
                        "id": "sg-rj9278r1bks0qzbmrvhw:ingress:tcp:22/22:intranet:0.0.0.0/0:accept:1",
                        "attributes": {
                            "cidr_ip": "0.0.0.0/0",
                            "id": "sg-rj9278r1bks0qzbmrvhw:ingress:tcp:22/22:intranet:0.0.0.0/0:accept:1",
                            "ip_protocol": "tcp",
                            "nic_type": "intranet",
                            "policy": "accept",
                            "port_range": "22/22",
                            "priority": "1",
                            "security_group_id": "sg-rj9278r1bks0qzbmrvhw",
                            "source_group_owner_account": "",
                            "source_security_group_id": "",
                            "type": "ingress"
                        },
                        "meta": {},
                        "tainted": false
                    },
                    "deposed": [],
                    "provider": "provider.alicloud"
                },
                "alicloud_security_group_rule.allow_udp": {
                    "type": "alicloud_security_group_rule",
                    "depends_on": [
                        "alicloud_security_group.group"
                    ],
                    "primary": {
                        "id": "sg-rj9278r1bks0qzbmrvhw:ingress:udp:500/5000:intranet:0.0.0.0/0:accept:1",
                        "attributes": {
                            "cidr_ip": "0.0.0.0/0",
                            "id": "sg-rj9278r1bks0qzbmrvhw:ingress:udp:500/5000:intranet:0.0.0.0/0:accept:1",
                            "ip_protocol": "udp",
                            "nic_type": "intranet",
                            "policy": "accept",
                            "port_range": "500/5000",
                            "priority": "1",
                            "security_group_id": "sg-rj9278r1bks0qzbmrvhw",
                            "source_group_owner_account": "",
                            "source_security_group_id": "",
                            "type": "ingress"
                        },
                        "meta": {},
                        "tainted": false
                    },
                    "deposed": [],
                    "provider": "provider.alicloud"
                },
                "alicloud_vpc.main": {
                    "type": "alicloud_vpc",
                    "depends_on": [],
                    "primary": {
                        "id": "vpc-rj9aylb0el6537h8jvkfs",
                        "attributes": {
                            "cidr_block": "10.1.0.0/21",
                            "description": "",
                            "id": "vpc-rj9aylb0el6537h8jvkfs",
                            "name": "vpc-tf-created",
                            "route_table_id": "vtb-rj9p28rzajg4vf97590l6",
                            "router_id": "vrt-rj9gtvvsbr0vwo6i2jxvd",
                            "router_table_id": "vtb-rj9p28rzajg4vf97590l6"
                        },
                        "meta": {},
                        "tainted": false
                    },
                    "deposed": [],
                    "provider": "provider.alicloud"
                },
                "alicloud_vswitch.main": {
                    "type": "alicloud_vswitch",
                    "depends_on": [
                        "alicloud_vpc.main",
                        "data.alicloud_zones.default"
                    ],
                    "primary": {
                        "id": "vsw-rj93qkg7b3bjm4n0dio55",
                        "attributes": {
                            "availability_zone": "us-west-1a",
                            "cidr_block": "10.1.1.0/24",
                            "description": "",
                            "id": "vsw-rj93qkg7b3bjm4n0dio55",
                            "name": "",
                            "vpc_id": "vpc-rj9aylb0el6537h8jvkfs"
                        },
                        "meta": {},
                        "tainted": false
                    },
                    "deposed": [],
                    "provider": "provider.alicloud"
                },
                "data.alicloud_instance_types.instance_type": {
                    "type": "alicloud_instance_types",
                    "depends_on": [],
                    "primary": {
                        "id": "2687258549",
                        "attributes": {
                            "cpu_core_count": "1",
                            "id": "2687258549",
                            "instance_charge_type": "PostPaid",
                            "instance_type_family": "ecs.xn4",
                            "instance_types.#": "1",
                            "instance_types.0.availability_zones.#": "2",
                            "instance_types.0.availability_zones.0": "us-west-1a",
                            "instance_types.0.availability_zones.1": "us-west-1b",
                            "instance_types.0.burstable_instance.%": "2",
                            "instance_types.0.burstable_instance.baseline_credit": "0",
                            "instance_types.0.burstable_instance.initial_credit": "0",
                            "instance_types.0.cpu_core_count": "1",
                            "instance_types.0.eni_amount": "1",
                            "instance_types.0.family": "ecs.xn4",
                            "instance_types.0.gpu.%": "2",
                            "instance_types.0.gpu.amount": "0",
                            "instance_types.0.gpu.category": "",
                            "instance_types.0.id": "ecs.xn4.small",
                            "instance_types.0.local_storage.%": "3",
                            "instance_types.0.local_storage.amount": "0",
                            "instance_types.0.local_storage.capacity": "0",
                            "instance_types.0.local_storage.category": "",
                            "instance_types.0.memory_size": "1",
                            "memory_size": "1",
                            "spot_strategy": "NoSpot"
                        },
                        "meta": {},
                        "tainted": false
                    },
                    "deposed": [],
                    "provider": "provider.alicloud"
                },
                "data.alicloud_zones.default": {
                    "type": "alicloud_zones",
                    "depends_on": [
                        "data.alicloud_instance_types.instance_type"
                    ],
                    "primary": {
                        "id": "2533753018",
                        "attributes": {
                            "available_instance_type": "ecs.xn4.small",
                            "available_resource_creation": "VSwitch",
                            "id": "2533753018",
                            "instance_charge_type": "PostPaid",
                            "multi": "false",
                            "spot_strategy": "NoSpot",
                            "zones.#": "2",
                            "zones.0.available_disk_categories.#": "3",
                            "zones.0.available_disk_categories.0": "cloud_ssd",
                            "zones.0.available_disk_categories.1": "cloud_efficiency",
                            "zones.0.available_disk_categories.2": "cloud",
                            "zones.0.available_instance_types.#": "96",
                            "zones.0.available_instance_types.0": "ecs.n4.4xlarge",
                            "zones.0.available_instance_types.1": "ecs.sn2.7xlarge",
                            "zones.0.available_instance_types.10": "ecs.xn4.small",
                            "zones.0.available_instance_types.11": "ecs.se1ne.3xlarge",
                            "zones.0.available_instance_types.12": "ecs.d1.14xlarge",
                            "zones.0.available_instance_types.13": "ecs.s3.large",
                            "zones.0.available_instance_types.14": "ecs.c4.2xlarge",
                            "zones.0.available_instance_types.15": "ecs.mn4.large",
                            "zones.0.available_instance_types.16": "ecs.sn1.7xlarge",
                            "zones.0.available_instance_types.17": "ecs.ce4.2xlarge",
                            "zones.0.available_instance_types.18": "ecs.cm4.2xlarge",
                            "zones.0.available_instance_types.19": "ecs.mn4.8xlarge",
                            "zones.0.available_instance_types.2": "ecs.sn2.medium",
                            "zones.0.available_instance_types.20": "ecs.mn4.2xlarge",
                            "zones.0.available_instance_types.21": "ecs.m2.xlarge",
                            "zones.0.available_instance_types.22": "ecs.n4.2xlarge",
                            "zones.0.available_instance_types.23": "ecs.sn2ne.large",
                            "zones.0.available_instance_types.24": "ecs.d1.8xlarge",
                            "zones.0.available_instance_types.25": "ecs.sn2ne.xlarge",
                            "zones.0.available_instance_types.26": "ecs.i1-c10d1.8xlarge",
                            "zones.0.available_instance_types.27": "ecs.c4.4xlarge",
                            "zones.0.available_instance_types.28": "ecs.e4.4xlarge",
                            "zones.0.available_instance_types.29": "ecs.m2.medium",
                            "zones.0.available_instance_types.3": "ecs.gn5-c48g1.12xlarge",
                            "zones.0.available_instance_types.30": "ecs.cm4.3xlarge",
                            "zones.0.available_instance_types.31": "ecs.e4.small",
                            "zones.0.available_instance_types.32": "ecs.i1.4xlarge",
                            "zones.0.available_instance_types.33": "ecs.s3.medium",
                            "zones.0.available_instance_types.34": "ecs.se1ne.6xlarge",
                            "zones.0.available_instance_types.35": "ecs.m1.xlarge",
                            "zones.0.available_instance_types.36": "ecs.se1.8xlarge",
                            "zones.0.available_instance_types.37": "ecs.s1.small",
                            "zones.0.available_instance_types.38": "ecs.c2.large",
                            "zones.0.available_instance_types.39": "ecs.sn2.3xlarge",
                            "zones.0.available_instance_types.4": "ecs.n4.xlarge",
                            "zones.0.available_instance_types.40": "ecs.n4.small",
                            "zones.0.available_instance_types.41": "ecs.i2.xlarge",
                            "zones.0.available_instance_types.42": "ecs.sn1ne.xlarge",
                            "zones.0.available_instance_types.43": "ecs.se1ne.large",
                            "zones.0.available_instance_types.44": "ecs.sn2.large",
                            "zones.0.available_instance_types.45": "ecs.i2.2xlarge",
                            "zones.0.available_instance_types.46": "ecs.i1-c5d1.4xlarge",
                            "zones.0.available_instance_types.47": "ecs.sn1.large",
                            "zones.0.available_instance_types.48": "ecs.mn4.xlarge",
                            "zones.0.available_instance_types.49": "ecs.c1.large",
                            "zones.0.available_instance_types.5": "ecs.se1.large",
                            "zones.0.available_instance_types.50": "ecs.d1.6xlarge",
                            "zones.0.available_instance_types.51": "ecs.se1.xlarge",
                            "zones.0.available_instance_types.52": "ecs.i1.8xlarge",
                            "zones.0.available_instance_types.53": "ecs.s2.xlarge",
                            "zones.0.available_instance_types.54": "ecs.gn5-c4g1.xlarge",
                            "zones.0.available_instance_types.55": "ecs.t1.xsmall",
                            "zones.0.available_instance_types.56": "ecs.e4.large",
                            "zones.0.available_instance_types.57": "ecs.s2.2xlarge",
                            "zones.0.available_instance_types.58": "ecs.gn5-c8g1.2xlarge",
                            "zones.0.available_instance_types.59": "ecs.i1.2xlarge",
                            "zones.0.available_instance_types.6": "ecs.se1ne.2xlarge",
                            "zones.0.available_instance_types.60": "ecs.se1.2xlarge",
                            "zones.0.available_instance_types.61": "ecs.c4.3xlarge",
                            "zones.0.available_instance_types.62": "ecs.cm4.4xlarge",
                            "zones.0.available_instance_types.63": "ecs.sn2.xlarge",
                            "zones.0.available_instance_types.64": "ecs.se1ne.xlarge",
                            "zones.0.available_instance_types.65": "ecs.gn5-c28g1.7xlarge",
                            "zones.0.available_instance_types.66": "ecs.se1ne.4xlarge",
                            "zones.0.available_instance_types.67": "ecs.sn1.medium",
                            "zones.0.available_instance_types.68": "ecs.n4.8xlarge",
                            "zones.0.available_instance_types.69": "ecs.e4.2xlarge",
                            "zones.0.available_instance_types.7": "ecs.c2.xlarge",
                            "zones.0.available_instance_types.70": "ecs.c1.small",
                            "zones.0.available_instance_types.71": "ecs.d1.3xlarge",
                            "zones.0.available_instance_types.72": "ecs.e4.xlarge",
                            "zones.0.available_instance_types.73": "ecs.sn1ne.large",
                            "zones.0.available_instance_types.74": "ecs.n4.large",
                            "zones.0.available_instance_types.75": "ecs.s2.small",
                            "zones.0.available_instance_types.76": "ecs.s1.medium",
                            "zones.0.available_instance_types.77": "ecs.sn1.3xlarge",
                            "zones.0.available_instance_types.78": "ecs.m1.medium",
                            "zones.0.available_instance_types.79": "ecs.d1.2xlarge",
                            "zones.0.available_instance_types.8": "ecs.i1.6xlarge",
                            "zones.0.available_instance_types.80": "ecs.d1.4xlarge",
                            "zones.0.available_instance_types.81": "ecs.se1.4xlarge",
                            "zones.0.available_instance_types.82": "ecs.s2.large",
                            "zones.0.available_instance_types.83": "ecs.i1.14xlarge",
                            "zones.0.available_instance_types.84": "ecs.i2.4xlarge",
                            "zones.0.available_instance_types.85": "ecs.s1.large",
                            "zones.0.available_instance_types.86": "ecs.c4.xlarge",
                            "zones.0.available_instance_types.87": "ecs.i1.xlarge",
                            "zones.0.available_instance_types.88": "ecs.ce4.xlarge",
                            "zones.0.available_instance_types.89": "ecs.mn4.4xlarge",
                            "zones.0.available_instance_types.9": "ecs.i1.3xlarge",
                            "zones.0.available_instance_types.90": "ecs.c2.medium",
                            "zones.0.available_instance_types.91": "ecs.t1.small",
                            "zones.0.available_instance_types.92": "ecs.se1ne.8xlarge",
                            "zones.0.available_instance_types.93": "ecs.sn1.xlarge",
                            "zones.0.available_instance_types.94": "ecs.mn4.small",
                            "zones.0.available_instance_types.95": "ecs.cm4.xlarge",
                            "zones.0.available_resource_creation.#": "4",
                            "zones.0.available_resource_creation.0": "VSwitch",
                            "zones.0.available_resource_creation.1": "IoOptimized",
                            "zones.0.available_resource_creation.2": "Instance",
                            "zones.0.available_resource_creation.3": "Disk",
                            "zones.0.id": "us-west-1a",
                            "zones.0.local_name": "美国西部1 可用区A",
                            "zones.1.available_disk_categories.#": "2",
                            "zones.1.available_disk_categories.0": "cloud_ssd",
                            "zones.1.available_disk_categories.1": "cloud_efficiency",
                            "zones.1.available_instance_types.#": "128",
                            "zones.1.available_instance_types.0": "ecs.sn2.7xlarge",
                            "zones.1.available_instance_types.1": "ecs.n1.small",
                            "zones.1.available_instance_types.10": "ecs.i1.3xlarge",
                            "zones.1.available_instance_types.100": "ecs.se1.xlarge",
                            "zones.1.available_instance_types.101": "ecs.i1.8xlarge",
                            "zones.1.available_instance_types.102": "ecs.t1.xsmall",
                            "zones.1.available_instance_types.103": "ecs.e4.large",
                            "zones.1.available_instance_types.104": "ecs.s2.2xlarge",
                            "zones.1.available_instance_types.105": "ecs.e3.large",
                            "zones.1.available_instance_types.106": "ecs.se1.2xlarge",
                            "zones.1.available_instance_types.107": "ecs.c4.3xlarge",
                            "zones.1.available_instance_types.108": "ecs.sn2.xlarge",
                            "zones.1.available_instance_types.109": "ecs.n1.tiny",
                            "zones.1.available_instance_types.11": "ecs.n2.7xlarge",
                            "zones.1.available_instance_types.110": "ecs.gn5-c28g1.7xlarge",
                            "zones.1.available_instance_types.111": "ecs.ga1.4xlarge",
                            "zones.1.available_instance_types.112": "ecs.n1.large",
                            "zones.1.available_instance_types.113": "ecs.e4.2xlarge",
                            "zones.1.available_instance_types.114": "ecs.c1.small",
                            "zones.1.available_instance_types.115": "ecs.t5-c1m1.xlarge",
                            "zones.1.available_instance_types.116": "ecs.sn1ne.large",
                            "zones.1.available_instance_types.117": "ecs.t5-c1m4.xlarge",
                            "zones.1.available_instance_types.118": "ecs.n1.3xlarge",
                            "zones.1.available_instance_types.119": "ecs.sn1.3xlarge",
                            "zones.1.available_instance_types.12": "ecs.mn4.large",
                            "zones.1.available_instance_types.120": "ecs.s2.large",
                            "zones.1.available_instance_types.121": "ecs.s1.large",
                            "zones.1.available_instance_types.122": "ecs.e3.small",
                            "zones.1.available_instance_types.123": "ecs.sn1ne.4xlarge",
                            "zones.1.available_instance_types.124": "ecs.i1.xlarge",
                            "zones.1.available_instance_types.125": "ecs.mn4.4xlarge",
                            "zones.1.available_instance_types.126": "ecs.se1ne.8xlarge",
                            "zones.1.available_instance_types.127": "ecs.mn4.small",
                            "zones.1.available_instance_types.13": "ecs.ce4.2xlarge",
                            "zones.1.available_instance_types.14": "ecs.sn1.7xlarge",
                            "zones.1.available_instance_types.15": "ecs.mn4.8xlarge",
                            "zones.1.available_instance_types.16": "ecs.n4.2xlarge",
                            "zones.1.available_instance_types.17": "ecs.e3.medium",
                            "zones.1.available_instance_types.18": "ecs.cm4.3xlarge",
                            "zones.1.available_instance_types.19": "ecs.i1.4xlarge",
                            "zones.1.available_instance_types.2": "ecs.sn2.medium",
                            "zones.1.available_instance_types.20": "ecs.n1.7xlarge",
                            "zones.1.available_instance_types.21": "ecs.se1.8xlarge",
                            "zones.1.available_instance_types.22": "ecs.s1.small",
                            "zones.1.available_instance_types.23": "ecs.t5-lc1m2.small",
                            "zones.1.available_instance_types.24": "ecs.c2.large",
                            "zones.1.available_instance_types.25": "ecs.sn2.3xlarge",
                            "zones.1.available_instance_types.26": "ecs.t5-lc1m1.small",
                            "zones.1.available_instance_types.27": "ecs.se1ne.large",
                            "zones.1.available_instance_types.28": "ecs.t5-c1m4.2xlarge",
                            "zones.1.available_instance_types.29": "ecs.e3.3xlarge",
                            "zones.1.available_instance_types.3": "ecs.n4.xlarge",
                            "zones.1.available_instance_types.30": "ecs.sn1.large",
                            "zones.1.available_instance_types.31": "ecs.mn4.xlarge",
                            "zones.1.available_instance_types.32": "ecs.s2.xlarge",
                            "zones.1.available_instance_types.33": "ecs.gn5-c4g1.xlarge",
                            "zones.1.available_instance_types.34": "ecs.n2.3xlarge",
                            "zones.1.available_instance_types.35": "ecs.n2.xlarge",
                            "zones.1.available_instance_types.36": "ecs.gn5-c8g1.2xlarge",
                            "zones.1.available_instance_types.37": "ecs.i1.2xlarge",
                            "zones.1.available_instance_types.38": "ecs.e3.xlarge",
                            "zones.1.available_instance_types.39": "ecs.cm4.4xlarge",
                            "zones.1.available_instance_types.4": "ecs.t5-c1m2.4xlarge",
                            "zones.1.available_instance_types.40": "ecs.se1ne.xlarge",
                            "zones.1.available_instance_types.41": "ecs.n2.small",
                            "zones.1.available_instance_types.42": "ecs.se1ne.4xlarge",
                            "zones.1.available_instance_types.43": "ecs.sn1.medium",
                            "zones.1.available_instance_types.44": "ecs.n4.8xlarge",
                            "zones.1.available_instance_types.45": "ecs.e4.xlarge",
                            "zones.1.available_instance_types.46": "ecs.n1.medium",
                            "zones.1.available_instance_types.47": "ecs.s2.small",
                            "zones.1.available_instance_types.48": "ecs.n4.large",
                            "zones.1.available_instance_types.49": "ecs.sn1ne.6xlarge",
                            "zones.1.available_instance_types.5": "ecs.se1.large",
                            "zones.1.available_instance_types.50": "ecs.s1.medium",
                            "zones.1.available_instance_types.51": "ecs.t5-lc1m4.large",
                            "zones.1.available_instance_types.52": "ecs.t5-c1m1.4xlarge",
                            "zones.1.available_instance_types.53": "ecs.m1.medium",
                            "zones.1.available_instance_types.54": "ecs.se1.4xlarge",
                            "zones.1.available_instance_types.55": "ecs.t5-c1m2.xlarge",
                            "zones.1.available_instance_types.56": "ecs.t5-c1m1.large",
                            "zones.1.available_instance_types.57": "ecs.i1.14xlarge",
                            "zones.1.available_instance_types.58": "ecs.ga1.14xlarge",
                            "zones.1.available_instance_types.59": "ecs.t5-c1m1.2xlarge",
                            "zones.1.available_instance_types.6": "ecs.sn1ne.3xlarge",
                            "zones.1.available_instance_types.60": "ecs.c4.xlarge",
                            "zones.1.available_instance_types.61": "ecs.ce4.xlarge",
                            "zones.1.available_instance_types.62": "ecs.c2.medium",
                            "zones.1.available_instance_types.63": "ecs.t1.small",
                            "zones.1.available_instance_types.64": "ecs.t5-lc2m1.nano",
                            "zones.1.available_instance_types.65": "ecs.sn1.xlarge",
                            "zones.1.available_instance_types.66": "ecs.cm4.xlarge",
                            "zones.1.available_instance_types.67": "ecs.n1.xlarge",
                            "zones.1.available_instance_types.68": "ecs.ga1.8xlarge",
                            "zones.1.available_instance_types.69": "ecs.n4.4xlarge",
                            "zones.1.available_instance_types.7": "ecs.t5-c1m2.2xlarge",
                            "zones.1.available_instance_types.70": "ecs.n2.medium",
                            "zones.1.available_instance_types.71": "ecs.gn5-c48g1.12xlarge",
                            "zones.1.available_instance_types.72": "ecs.se1ne.2xlarge",
                            "zones.1.available_instance_types.73": "ecs.i1.6xlarge",
                            "zones.1.available_instance_types.74": "ecs.c2.xlarge",
                            "zones.1.available_instance_types.75": "ecs.s3.large",
                            "zones.1.available_instance_types.76": "ecs.c4.2xlarge",
                            "zones.1.available_instance_types.77": "ecs.sn1ne.8xlarge",
                            "zones.1.available_instance_types.78": "ecs.cm4.2xlarge",
                            "zones.1.available_instance_types.79": "ecs.mn4.2xlarge",
                            "zones.1.available_instance_types.8": "ecs.se1ne.3xlarge",
                            "zones.1.available_instance_types.80": "ecs.m2.xlarge",
                            "zones.1.available_instance_types.81": "ecs.sn2ne.large",
                            "zones.1.available_instance_types.82": "ecs.c4.4xlarge",
                            "zones.1.available_instance_types.83": "ecs.i1-c10d1.8xlarge",
                            "zones.1.available_instance_types.84": "ecs.e4.4xlarge",
                            "zones.1.available_instance_types.85": "ecs.sn1ne.2xlarge",
                            "zones.1.available_instance_types.86": "ecs.e4.small",
                            "zones.1.available_instance_types.87": "ecs.m2.medium",
                            "zones.1.available_instance_types.88": "ecs.s3.medium",
                            "zones.1.available_instance_types.89": "ecs.se1ne.6xlarge",
                            "zones.1.available_instance_types.9": "ecs.xn4.small",
                            "zones.1.available_instance_types.90": "ecs.m1.xlarge",
                            "zones.1.available_instance_types.91": "ecs.t5-c1m4.large",
                            "zones.1.available_instance_types.92": "ecs.n4.small",
                            "zones.1.available_instance_types.93": "ecs.sn1ne.xlarge",
                            "zones.1.available_instance_types.94": "ecs.t5-lc1m2.large",
                            "zones.1.available_instance_types.95": "ecs.sn2.large",
                            "zones.1.available_instance_types.96": "ecs.i1-c5d1.4xlarge",
                            "zones.1.available_instance_types.97": "ecs.t5-c1m2.large",
                            "zones.1.available_instance_types.98": "ecs.n2.large",
                            "zones.1.available_instance_types.99": "ecs.c1.large",
                            "zones.1.available_resource_creation.#": "5",
                            "zones.1.available_resource_creation.0": "IoOptimized",
                            "zones.1.available_resource_creation.1": "VSwitch",
                            "zones.1.available_resource_creation.2": "Instance",
                            "zones.1.available_resource_creation.3": "DedicatedHost",
                            "zones.1.available_resource_creation.4": "Disk",
                            "zones.1.id": "us-west-1b",
                            "zones.1.local_name": "美国西部1 可用区B"
                        },
                        "meta": {},
                        "tainted": false
                    },
                    "deposed": [],
                    "provider": "provider.alicloud"
                }
            },
            "depends_on": []
        }
    ]
}
